
Microsoft Visual Studio Solution File, Format Version 12.00
Project("{FAE04EC0-301F-11D3-BF4B-00C04F79EFBC}") = "ShopWebApi", "ShopWebApi.csproj", "{A156CD3B-6460-4FDA-B10A-129FBDC413D6}"
EndProject
Global
	GlobalSection(SolutionConfigurationPlatforms) = preSolution
		Debug|Any CPU = Debug|Any CPU
		Release|Any CPU = Release|Any CPU
	EndGlobalSection
	GlobalSection(ProjectConfigurationPlatforms) = postSolution
		{A156CD3B-6460-4FDA-B10A-129FBDC413D6}.Debug|Any CPU.ActiveCfg = Debug|Any CPU
		{A156CD3B-6460-4FDA-B10A-129FBDC413D6}.Debug|Any CPU.Build.0 = Debug|Any CPU
		{A156CD3B-6460-4FDA-B10A-129FBDC413D6}.Release|Any CPU.ActiveCfg = Release|Any CPU
		{A156CD3B-6460-4FDA-B10A-129FBDC413D6}.Release|Any CPU.Build.0 = Release|Any CPU
	EndGlobalSection
EndGlobal
